
Microsoft Visual Studio Solution File, Format Version 11.00
# Visual Studio 2010
Project("{FAE04EC0-301F-11D3-BF4B-00C04F79EFBC}") = "SkillDesk.Domain", "SkillDesk.Domain\SkillDesk.Domain.csproj", "{9B9CFDC5-3FE4-4039-A012-65DFF8243CF5}"
EndProject
Project("{FAE04EC0-301F-11D3-BF4B-00C04F79EFBC}") = "SkillDesk.Web", "SkillDesk.Web\SkillDesk.Web.csproj", "{84D33E8D-4C23-462D-8A8D-BDEDDD3C519E}"
EndProject
Project("{FAE04EC0-301F-11D3-BF4B-00C04F79EFBC}") = "SkillDesk.Tests", "SkillDesk.Tests\SkillDesk.Tests.csproj", "{85DB8BD3-D4D4-4454-BC01-4B0356328DAC}"
EndProject
Global
	GlobalSection(SolutionConfigurationPlatforms) = preSolution
		Debug|Any CPU = Debug|Any CPU
		Debug|x86 = Debug|x86
		Release|Any CPU = Release|Any CPU
		Release|x86 = Release|x86
	EndGlobalSection
	GlobalSection(ProjectConfigurationPlatforms) = postSolution
		{9B9CFDC5-3FE4-4039-A012-65DFF8243CF5}.Debug|Any CPU.ActiveCfg = Debug|Any CPU
		{9B9CFDC5-3FE4-4039-A012-65DFF8243CF5}.Debug|Any CPU.Build.0 = Debug|Any CPU
		{9B9CFDC5-3FE4-4039-A012-65DFF8243CF5}.Debug|x86.ActiveCfg = Debug|Any CPU
		{9B9CFDC5-3FE4-4039-A012-65DFF8243CF5}.Debug|x86.Build.0 = Debug|Any CPU
		{9B9CFDC5-3FE4-4039-A012-65DFF8243CF5}.Release|Any CPU.ActiveCfg = Release|Any CPU
		{9B9CFDC5-3FE4-4039-A012-65DFF8243CF5}.Release|Any CPU.Build.0 = Release|Any CPU
		{9B9CFDC5-3FE4-4039-A012-65DFF8243CF5}.Release|x86.ActiveCfg = Release|Any CPU
		{84D33E8D-4C23-462D-8A8D-BDEDDD3C519E}.Debug|Any CPU.ActiveCfg = Debug|Any CPU
		{84D33E8D-4C23-462D-8A8D-BDEDDD3C519E}.Debug|Any CPU.Build.0 = Debug|Any CPU
		{84D33E8D-4C23-462D-8A8D-BDEDDD3C519E}.Debug|x86.ActiveCfg = Debug|Any CPU
		{84D33E8D-4C23-462D-8A8D-BDEDDD3C519E}.Debug|x86.Build.0 = Debug|Any CPU
		{84D33E8D-4C23-462D-8A8D-BDEDDD3C519E}.Release|Any CPU.ActiveCfg = Release|Any CPU
		{84D33E8D-4C23-462D-8A8D-BDEDDD3C519E}.Release|Any CPU.Build.0 = Release|Any CPU
		{84D33E8D-4C23-462D-8A8D-BDEDDD3C519E}.Release|x86.ActiveCfg = Release|Any CPU
		{85DB8BD3-D4D4-4454-BC01-4B0356328DAC}.Debug|Any CPU.ActiveCfg = Debug|Any CPU
		{85DB8BD3-D4D4-4454-BC01-4B0356328DAC}.Debug|Any CPU.Build.0 = Debug|Any CPU
		{85DB8BD3-D4D4-4454-BC01-4B0356328DAC}.Debug|x86.ActiveCfg = Debug|Any CPU
		{85DB8BD3-D4D4-4454-BC01-4B0356328DAC}.Debug|x86.Build.0 = Debug|Any CPU
		{85DB8BD3-D4D4-4454-BC01-4B0356328DAC}.Release|Any CPU.ActiveCfg = Release|Any CPU
		{85DB8BD3-D4D4-4454-BC01-4B0356328DAC}.Release|Any CPU.Build.0 = Release|Any CPU
		{85DB8BD3-D4D4-4454-BC01-4B0356328DAC}.Release|x86.ActiveCfg = Release|Any CPU
	EndGlobalSection
	GlobalSection(SolutionProperties) = preSolution
		HideSolutionNode = FALSE
	EndGlobalSection
EndGlobal
